PODS:
  - DragRotateScaleView (0.1.0)

DEPENDENCIES:
  - DragRotateScaleView (from `../`)

EXTERNAL SOURCES:
  DragRotateScaleView:
    :path: "../"

SPEC CHECKSUMS:
  DragRotateScaleView: 650106fcc5f3e39826b8118470f147f15533d69c

PODFILE CHECKSUM: f03e5c2f79d293b668c0a7a322aafe54f1db6f0e

COCOAPODS: 1.8.4
